
Microsoft Visual Studio Solution File, Format Version 12.00
# Visual Studio 15
VisualStudioVersion = 15.0.28307.2092
MinimumVisualStudioVersion = 10.0.40219.1
Project("{FAE04EC0-301F-11D3-BF4B-00C04F79EFBC}") = "MoneyChanging-DP", "MoneyChanging-DP\MoneyChanging-DP.csproj", "{81838018-1D35-4B7E-95A8-9CC93758C36D}"
EndProject
Global
	GlobalSection(SolutionConfigurationPlatforms) = preSolution
		Debug|Any CPU = Debug|Any CPU
		Release|Any CPU = Release|Any CPU
	EndGlobalSection
	GlobalSection(ProjectConfigurationPlatforms) = postSolution
		{81838018-1D35-4B7E-95A8-9CC93758C36D}.Debug|Any CPU.ActiveCfg = Debug|Any CPU
		{81838018-1D35-4B7E-95A8-9CC93758C36D}.Debug|Any CPU.Build.0 = Debug|Any CPU
		{81838018-1D35-4B7E-95A8-9CC93758C36D}.Release|Any CPU.ActiveCfg = Release|Any CPU
		{81838018-1D35-4B7E-95A8-9CC93758C36D}.Release|Any CPU.Build.0 = Release|Any CPU
	EndGlobalSection
	GlobalSection(SolutionProperties) = preSolution
		HideSolutionNode = FALSE
	EndGlobalSection
	GlobalSection(ExtensibilityGlobals) = postSolution
		SolutionGuid = {512E4D93-AA4F-4781-9CC3-F292007B30E1}
	EndGlobalSection
EndGlobal
